
Microsoft Visual Studio Solution File, Format Version 12.00
# Visual Studio Version 17
VisualStudioVersion = 17.1.32228.430
MinimumVisualStudioVersion = 10.0.40219.1
Project("{FAE04EC0-301F-11D3-BF4B-00C04F79EFBC}") = "CourseTest", "CourseTest\CourseTest.csproj", "{6B2AF41A-DC34-44F4-8213-83DA8BE30685}"
EndProject
Global
	GlobalSection(SolutionConfigurationPlatforms) = preSolution
		Debug|Any CPU = Debug|Any CPU
		Release|Any CPU = Release|Any CPU
	EndGlobalSection
	GlobalSection(ProjectConfigurationPlatforms) = postSolution
		{6B2AF41A-DC34-44F4-8213-83DA8BE30685}.Debug|Any CPU.ActiveCfg = Debug|Any CPU
		{6B2AF41A-DC34-44F4-8213-83DA8BE30685}.Debug|Any CPU.Build.0 = Debug|Any CPU
		{6B2AF41A-DC34-44F4-8213-83DA8BE30685}.Release|Any CPU.ActiveCfg = Release|Any CPU
		{6B2AF41A-DC34-44F4-8213-83DA8BE30685}.Release|Any CPU.Build.0 = Release|Any CPU
	EndGlobalSection
	GlobalSection(SolutionProperties) = preSolution
		HideSolutionNode = FALSE
	EndGlobalSection
	GlobalSection(ExtensibilityGlobals) = postSolution
		SolutionGuid = {EE0093E9-989D-42D5-91BB-42D4F63605F7}
	EndGlobalSection
EndGlobal
